// !$*UTF8*$!
{
	archiveVersion = 1;
	classes = {
	};
	objectVersion = 56;
	objects = {

/* Begin PBXBuildFile section */
		8BADE42D2A2C9C7F0087C74D /* PopupView in Frameworks */ = {isa = PBXBuildFile; productRef = 8BADE42C2A2C9C7F0087C74D /* PopupView */; };
		8BADE4302A2CA3650087C74D /* ToastView.swift in Sources */ = {isa = PBXBuildFile; fileRef = 8BADE42F2A2CA3650087C74D /* ToastView.swift */; };
		8B6477F92A267FD60071F582 /* ColorExtensions.swift in Sources */ = {isa = PBXBuildFile; fileRef = 8B6477F82A267FD60071F582 /* ColorExtensions.swift */; };
		8BAF3C682A1FB28E00C0A4CE /* RootView.swift in Sources */ = {isa = PBXBuildFile; fileRef = 8BAF3C672A1FB28E00C0A4CE /* RootView.swift */; };
		8BB3659E2A1F9F2400DE2B5C /* InteractExperimentApp.swift in Sources */ = {isa = PBXBuildFile; fileRef = 8BB3659D2A1F9F2400DE2B5C /* InteractExperimentApp.swift */; };
		8BB365A02A1F9F2400DE2B5C /* ContentView.swift in Sources */ = {isa = PBXBuildFile; fileRef = 8BB3659F2A1F9F2400DE2B5C /* ContentView.swift */; };
		8BB365A22A1F9F2500DE2B5C /* Assets.xcassets in Resources */ = {isa = PBXBuildFile; fileRef = 8BB365A12A1F9F2500DE2B5C /* Assets.xcassets */; };
		8BB365A62A1F9F2500DE2B5C /* Preview Assets.xcassets in Resources */ = {isa = PBXBuildFile; fileRef = 8BB365A52A1F9F2500DE2B5C /* Preview Assets.xcassets */; };
		8BE8087E2A23A7820057CC35 /* ConfigurationsView.swift in Sources */ = {isa = PBXBuildFile; fileRef = 8BE8087D2A23A7820057CC35 /* ConfigurationsView.swift */; };
		8BE808802A23A79F0057CC35 /* ExperimentsView.swift in Sources */ = {isa = PBXBuildFile; fileRef = 8BE8087F2A23A79F0057CC35 /* ExperimentsView.swift */; };
/* End PBXBuildFile section */

/* Begin PBXFileReference section */
		8BADE42F2A2CA3650087C74D /* ToastView.swift */ = {isa = PBXFileReference; lastKnownFileType = sourcecode.swift; path = ToastView.swift; sourceTree = "<group>"; };
		8B6477F82A267FD60071F582 /* ColorExtensions.swift */ = {isa = PBXFileReference; lastKnownFileType = sourcecode.swift; path = ColorExtensions.swift; sourceTree = "<group>"; };
		8BAF3C672A1FB28E00C0A4CE /* RootView.swift */ = {isa = PBXFileReference; lastKnownFileType = sourcecode.swift; name = RootView.swift; path = "Preview Content/RootView.swift"; sourceTree = "<group>"; };
		8BB3659A2A1F9F2400DE2B5C /* InteractExperiment.app */ = {isa = PBXFileReference; explicitFileType = wrapper.application; includeInIndex = 0; path = InteractExperiment.app; sourceTree = BUILT_PRODUCTS_DIR; };
		8BB3659D2A1F9F2400DE2B5C /* InteractExperimentApp.swift */ = {isa = PBXFileReference; lastKnownFileType = sourcecode.swift; path = InteractExperimentApp.swift; sourceTree = "<group>"; };
		8BB3659F2A1F9F2400DE2B5C /* ContentView.swift */ = {isa = PBXFileReference; lastKnownFileType = sourcecode.swift; path = ContentView.swift; sourceTree = "<group>"; };
		8BB365A12A1F9F2500DE2B5C /* Assets.xcassets */ = {isa = PBXFileReference; lastKnownFileType = folder.assetcatalog; path = Assets.xcassets; sourceTree = "<group>"; };
		8BB365A32A1F9F2500DE2B5C /* InteractExperiment.entitlements */ = {isa = PBXFileReference; lastKnownFileType = text.plist.entitlements; path = InteractExperiment.entitlements; sourceTree = "<group>"; };
		8BB365A52A1F9F2500DE2B5C /* Preview Assets.xcassets */ = {isa = PBXFileReference; lastKnownFileType = folder.assetcatalog; path = "Preview Assets.xcassets"; sourceTree = "<group>"; };
		8BE8087D2A23A7820057CC35 /* ConfigurationsView.swift */ = {isa = PBXFileReference; lastKnownFileType = sourcecode.swift; path = ConfigurationsView.swift; sourceTree = "<group>"; };
		8BE8087F2A23A79F0057CC35 /* ExperimentsView.swift */ = {isa = PBXFileReference; lastKnownFileType = sourcecode.swift; path = ExperimentsView.swift; sourceTree = "<group>"; };
/* End PBXFileReference section */

/* Begin PBXFrameworksBuildPhase section */
		8BB365972A1F9F2400DE2B5C /* Frameworks */ = {
			isa = PBXFrameworksBuildPhase;
			buildActionMask = 2147483647;
			files = (
				8BADE42D2A2C9C7F0087C74D /* PopupView in Frameworks */,
			);
			runOnlyForDeploymentPostprocessing = 0;
		};
/* End PBXFrameworksBuildPhase section */

/* Begin PBXGroup section */
		8BADE42E2A2CA34A0087C74D /* CommonViews */ = {
			isa = PBXGroup;
			children = (
				8BADE42F2A2CA3650087C74D /* ToastView.swift */,
			);
			path = CommonViews;
			sourceTree = "<group>";
		};
		8BB365912A1F9F2400DE2B5C = {
			isa = PBXGroup;
			children = (
				8BB3659C2A1F9F2400DE2B5C /* InteractExperiment */,
				8BB3659B2A1F9F2400DE2B5C /* Products */,
			);
			sourceTree = "<group>";
		};
		8BB3659B2A1F9F2400DE2B5C /* Products */ = {
			isa = PBXGroup;
			children = (
				8BB3659A2A1F9F2400DE2B5C /* InteractExperiment.app */,
			);
			name = Products;
			sourceTree = "<group>";
		};
		8BB3659C2A1F9F2400DE2B5C /* InteractExperiment */ = {
			isa = PBXGroup;
			children = (
				8BB3659D2A1F9F2400DE2B5C /* InteractExperimentApp.swift */,
				8BB3659F2A1F9F2400DE2B5C /* ContentView.swift */,
				8BAF3C672A1FB28E00C0A4CE /* RootView.swift */,
				8BE8087D2A23A7820057CC35 /* ConfigurationsView.swift */,
				8BE8087F2A23A79F0057CC35 /* ExperimentsView.swift */,
				8BADE42E2A2CA34A0087C74D /* CommonViews */,
				8BB365A12A1F9F2500DE2B5C /* Assets.xcassets */,
				8BB365A32A1F9F2500DE2B5C /* InteractExperiment.entitlements */,
				8BB365A42A1F9F2500DE2B5C /* Preview Content */,
			);
			path = InteractExperiment;
			sourceTree = "<group>";
		};
		8BB365A42A1F9F2500DE2B5C /* Preview Content */ = {
			isa = PBXGroup;
			children = (
				8BB365A52A1F9F2500DE2B5C /* Preview Assets.xcassets */,
			);
			path = "Preview Content";
			sourceTree = "<group>";
		};
/* End PBXGroup section */

/* Begin PBXNativeTarget section */
		8BB365992A1F9F2400DE2B5C /* InteractExperiment */ = {
			isa = PBXNativeTarget;
			buildConfigurationList = 8BB365A92A1F9F2500DE2B5C /* Build configuration list for PBXNativeTarget "InteractExperiment" */;
			buildPhases = (
				8BB365962A1F9F2400DE2B5C /* Sources */,
				8BB365972A1F9F2400DE2B5C /* Frameworks */,
				8BB365982A1F9F2400DE2B5C /* Resources */,
			);
			buildRules = (
			);
			dependencies = (
			);
			name = InteractExperiment;
			packageProductDependencies = (
				8BADE42C2A2C9C7F0087C74D /* PopupView */,
			);
			productName = InteractExperiment;
			productReference = 8BB3659A2A1F9F2400DE2B5C /* InteractExperiment.app */;
			productType = "com.apple.product-type.application";
		};
/* End PBXNativeTarget section */

/* Begin PBXProject section */
		8BB365922A1F9F2400DE2B5C /* Project object */ = {
			isa = PBXProject;
			attributes = {
				BuildIndependentTargetsInParallel = 1;
				LastSwiftUpdateCheck = 1430;
				LastUpgradeCheck = 1430;
				TargetAttributes = {
					8BB365992A1F9F2400DE2B5C = {
						CreatedOnToolsVersion = 14.3;
					};
				};
			};
			buildConfigurationList = 8BB365952A1F9F2400DE2B5C /* Build configuration list for PBXProject "InteractExperiment" */;
			compatibilityVersion = "Xcode 14.0";
			developmentRegion = en;
			hasScannedForEncodings = 0;
			knownRegions = (
				en,
				Base,
			);
			mainGroup = 8BB365912A1F9F2400DE2B5C;
			packageReferences = (
				8BADE42B2A2C9C7F0087C74D /* XCRemoteSwiftPackageReference "PopupView" */,
			);
			productRefGroup = 8BB3659B2A1F9F2400DE2B5C /* Products */;
			projectDirPath = "";
			projectRoot = "";
			targets = (
				8BB365992A1F9F2400DE2B5C /* InteractExperiment */,
			);
		};
/* End PBXProject section */

/* Begin PBXResourcesBuildPhase section */
		8BB365982A1F9F2400DE2B5C /* Resources */ = {
			isa = PBXResourcesBuildPhase;
			buildActionMask = 2147483647;
			files = (
				8BB365A62A1F9F2500DE2B5C /* Preview Assets.xcassets in Resources */,
				8BB365A22A1F9F2500DE2B5C /* Assets.xcassets in Resources */,
			);
			runOnlyForDeploymentPostprocessing = 0;
		};
/* End PBXResourcesBuildPhase section */

/* Begin PBXSourcesBuildPhase section */
		8BB365962A1F9F2400DE2B5C /* Sources */ = {
			isa = PBXSourcesBuildPhase;
			buildActionMask = 2147483647;
			files = (
				8BB365A02A1F9F2400DE2B5C /* ContentView.swift in Sources */,
				8BE808802A23A79F0057CC35 /* ExperimentsView.swift in Sources */,
				8BE8087E2A23A7820057CC35 /* ConfigurationsView.swift in Sources */,
				8BB3659E2A1F9F2400DE2B5C /* InteractExperimentApp.swift in Sources */,
				8BADE4302A2CA3650087C74D /* ToastView.swift in Sources */,
				8BAF3C682A1FB28E00C0A4CE /* RootView.swift in Sources */,
			);
			runOnlyForDeploymentPostprocessing = 0;
		};
/* End PBXSourcesBuildPhase section */

/* Begin XCBuildConfiguration section */
		8BB365A72A1F9F2500DE2B5C /* Debug */ = {
			isa = XCBuildConfiguration;
			buildSettings = {
				ALWAYS_SEARCH_USER_PATHS = NO;
				CLANG_ANALYZER_NONNULL = YES;
				CLANG_ANALYZER_NUMBER_OBJECT_CONVERSION = YES_AGGRESSIVE;
				CLANG_CXX_LANGUAGE_STANDARD = "gnu++20";
				CLANG_ENABLE_MODULES = YES;
				CLANG_ENABLE_OBJC_ARC = YES;
				CLANG_ENABLE_OBJC_WEAK = YES;
				CLANG_WARN_BLOCK_CAPTURE_AUTORELEASING = YES;
				CLANG_WARN_BOOL_CONVERSION = YES;
				CLANG_WARN_COMMA = YES;
				CLANG_WARN_CONSTANT_CONVERSION = YES;
				CLANG_WARN_DEPRECATED_OBJC_IMPLEMENTATIONS = YES;
				CLANG_WARN_DIRECT_OBJC_ISA_USAGE = YES_ERROR;
				CLANG_WARN_DOCUMENTATION_COMMENTS = YES;
				CLANG_WARN_EMPTY_BODY = YES;
				CLANG_WARN_ENUM_CONVERSION = YES;
				CLANG_WARN_INFINITE_RECURSION = YES;
				CLANG_WARN_INT_CONVERSION = YES;
				CLANG_WARN_NON_LITERAL_NULL_CONVERSION = YES;
				CLANG_WARN_OBJC_IMPLICIT_RETAIN_SELF = YES;
				CLANG_WARN_OBJC_LITERAL_CONVERSION = YES;
				CLANG_WARN_OBJC_ROOT_CLASS = YES_ERROR;
				CLANG_WARN_QUOTED_INCLUDE_IN_FRAMEWORK_HEADER = YES;
				CLANG_WARN_RANGE_LOOP_ANALYSIS = YES;
				CLANG_WARN_STRICT_PROTOTYPES = YES;
				CLANG_WARN_SUSPICIOUS_MOVE = YES;
				CLANG_WARN_UNGUARDED_AVAILABILITY = YES_AGGRESSIVE;
				CLANG_WARN_UNREACHABLE_CODE = YES;
				CLANG_WARN__DUPLICATE_METHOD_MATCH = YES;
				COPY_PHASE_STRIP = NO;
				DEBUG_INFORMATION_FORMAT = dwarf;
				ENABLE_STRICT_OBJC_MSGSEND = YES;
				ENABLE_TESTABILITY = YES;
				GCC_C_LANGUAGE_STANDARD = gnu11;
				GCC_DYNAMIC_NO_PIC = NO;
				GCC_NO_COMMON_BLOCKS = YES;
				GCC_OPTIMIZATION_LEVEL = 0;
				GCC_PREPROCESSOR_DEFINITIONS = (
					"DEBUG=1",
					"$(inherited)",
				);
				GCC_WARN_64_TO_32_BIT_CONVERSION = YES;
				GCC_WARN_ABOUT_RETURN_TYPE = YES_ERROR;
				GCC_WARN_UNDECLARED_SELECTOR = YES;
				GCC_WARN_UNINITIALIZED_AUTOS = YES_AGGRESSIVE;
				GCC_WARN_UNUSED_FUNCTION = YES;
				GCC_WARN_UNUSED_VARIABLE = YES;
				MTL_ENABLE_DEBUG_INFO = INCLUDE_SOURCE;
				MTL_FAST_MATH = YES;
				ONLY_ACTIVE_ARCH = YES;
				SWIFT_ACTIVE_COMPILATION_CONDITIONS = DEBUG;
				SWIFT_OPTIMIZATION_LEVEL = "-Onone";
			};
			name = Debug;
		};
		8BB365A82A1F9F2500DE2B5C /* Release */ = {
			isa = XCBuildConfiguration;
			buildSettings = {
				ALWAYS_SEARCH_USER_PATHS = NO;
				CLANG_ANALYZER_NONNULL = YES;
				CLANG_ANALYZER_NUMBER_OBJECT_CONVERSION = YES_AGGRESSIVE;
				CLANG_CXX_LANGUAGE_STANDARD = "gnu++20";
				CLANG_ENABLE_MODULES = YES;
				CLANG_ENABLE_OBJC_ARC = YES;
				CLANG_ENABLE_OBJC_WEAK = YES;
				CLANG_WARN_BLOCK_CAPTURE_AUTORELEASING = YES;
				CLANG_WARN_BOOL_CONVERSION = YES;
				CLANG_WARN_COMMA = YES;
				CLANG_WARN_CONSTANT_CONVERSION = YES;
				CLANG_WARN_DEPRECATED_OBJC_IMPLEMENTATIONS = YES;
				CLANG_WARN_DIRECT_OBJC_ISA_USAGE = YES_ERROR;
				CLANG_WARN_DOCUMENTATION_COMMENTS = YES;
				CLANG_WARN_EMPTY_BODY = YES;
				CLANG_WARN_ENUM_CONVERSION = YES;
				CLANG_WARN_INFINITE_RECURSION = YES;
				CLANG_WARN_INT_CONVERSION = YES;
				CLANG_WARN_NON_LITERAL_NULL_CONVERSION = YES;
				CLANG_WARN_OBJC_IMPLICIT_RETAIN_SELF = YES;
				CLANG_WARN_OBJC_LITERAL_CONVERSION = YES;
				CLANG_WARN_OBJC_ROOT_CLASS = YES_ERROR;
				CLANG_WARN_QUOTED_INCLUDE_IN_FRAMEWORK_HEADER = YES;
				CLANG_WARN_RANGE_LOOP_ANALYSIS = YES;
				CLANG_WARN_STRICT_PROTOTYPES = YES;
				CLANG_WARN_SUSPICIOUS_MOVE = YES;
				CLANG_WARN_UNGUARDED_AVAILABILITY = YES_AGGRESSIVE;
				CLANG_WARN_UNREACHABLE_CODE = YES;
				CLANG_WARN__DUPLICATE_METHOD_MATCH = YES;
				COPY_PHASE_STRIP = NO;
				DEBUG_INFORMATION_FORMAT = "dwarf-with-dsym";
				ENABLE_NS_ASSERTIONS = NO;
				ENABLE_STRICT_OBJC_MSGSEND = YES;
				GCC_C_LANGUAGE_STANDARD = gnu11;
				GCC_NO_COMMON_BLOCKS = YES;
				GCC_WARN_64_TO_32_BIT_CONVERSION = YES;
				GCC_WARN_ABOUT_RETURN_TYPE = YES_ERROR;
				GCC_WARN_UNDECLARED_SELECTOR = YES;
				GCC_WARN_UNINITIALIZED_AUTOS = YES_AGGRESSIVE;
				GCC_WARN_UNUSED_FUNCTION = YES;
				GCC_WARN_UNUSED_VARIABLE = YES;
				MTL_ENABLE_DEBUG_INFO = NO;
				MTL_FAST_MATH = YES;
				SWIFT_COMPILATION_MODE = wholemodule;
				SWIFT_OPTIMIZATION_LEVEL = "-O";
			};
			name = Release;
		};
		8BB365AA2A1F9F2500DE2B5C /* Debug */ = {
			isa = XCBuildConfiguration;
			buildSettings = {
				ASSETCATALOG_COMPILER_APPICON_NAME = AppIcon;
				ASSETCATALOG_COMPILER_GLOBAL_ACCENT_COLOR_NAME = AccentColor;
				CODE_SIGN_ENTITLEMENTS = InteractExperiment/InteractExperiment.entitlements;
				CODE_SIGN_STYLE = Automatic;
				CURRENT_PROJECT_VERSION = 1;
				DEVELOPMENT_ASSET_PATHS = "\"InteractExperiment/Preview Content\"";
				ENABLE_PREVIEWS = YES;
				GENERATE_INFOPLIST_FILE = YES;
				"INFOPLIST_KEY_UIApplicationSceneManifest_Generation[sdk=iphoneos*]" = YES;
				"INFOPLIST_KEY_UIApplicationSceneManifest_Generation[sdk=iphonesimulator*]" = YES;
				"INFOPLIST_KEY_UIApplicationSupportsIndirectInputEvents[sdk=iphoneos*]" = YES;
				"INFOPLIST_KEY_UIApplicationSupportsIndirectInputEvents[sdk=iphonesimulator*]" = YES;
				"INFOPLIST_KEY_UILaunchScreen_Generation[sdk=iphoneos*]" = YES;
				"INFOPLIST_KEY_UILaunchScreen_Generation[sdk=iphonesimulator*]" = YES;
				"INFOPLIST_KEY_UIStatusBarStyle[sdk=iphoneos*]" = UIStatusBarStyleDefault;
				"INFOPLIST_KEY_UIStatusBarStyle[sdk=iphonesimulator*]" = UIStatusBarStyleDefault;
				INFOPLIST_KEY_UISupportedInterfaceOrientations_iPad = "UIInterfaceOrientationPortrait UIInterfaceOrientationPortraitUpsideDown UIInterfaceOrientationLandscapeLeft UIInterfaceOrientationLandscapeRight";
				INFOPLIST_KEY_UISupportedInterfaceOrientations_iPhone = "UIInterfaceOrientationPortrait UIInterfaceOrientationLandscapeLeft UIInterfaceOrientationLandscapeRight";
				IPHONEOS_DEPLOYMENT_TARGET = 16.4;
				LD_RUNPATH_SEARCH_PATHS = "@executable_path/Frameworks";
				"LD_RUNPATH_SEARCH_PATHS[sdk=macosx*]" = "@executable_path/../Frameworks";
				MACOSX_DEPLOYMENT_TARGET = 13.2;
				MARKETING_VERSION = 1.0;
				PRODUCT_BUNDLE_IDENTIFIER = cs.sussex.InteractExperiment;
				PRODUCT_NAME = "$(TARGET_NAME)";
				SDKROOT = auto;
				SUPPORTED_PLATFORMS = "iphoneos iphonesimulator macosx";
				SWIFT_EMIT_LOC_STRINGS = YES;
				SWIFT_VERSION = 5.0;
				TARGETED_DEVICE_FAMILY = "1,2";
			};
			name = Debug;
		};
		8BB365AB2A1F9F2500DE2B5C /* Release */ = {
			isa = XCBuildConfiguration;
			buildSettings = {
				ASSETCATALOG_COMPILER_APPICON_NAME = AppIcon;
				ASSETCATALOG_COMPILER_GLOBAL_ACCENT_COLOR_NAME = AccentColor;
				CODE_SIGN_ENTITLEMENTS = InteractExperiment/InteractExperiment.entitlements;
				CODE_SIGN_STYLE = Automatic;
				CURRENT_PROJECT_VERSION = 1;
				DEVELOPMENT_ASSET_PATHS = "\"InteractExperiment/Preview Content\"";
				ENABLE_PREVIEWS = YES;
				GENERATE_INFOPLIST_FILE = YES;
				"INFOPLIST_KEY_UIApplicationSceneManifest_Generation[sdk=iphoneos*]" = YES;
				"INFOPLIST_KEY_UIApplicationSceneManifest_Generation[sdk=iphonesimulator*]" = YES;
				"INFOPLIST_KEY_UIApplicationSupportsIndirectInputEvents[sdk=iphoneos*]" = YES;
				"INFOPLIST_KEY_UIApplicationSupportsIndirectInputEvents[sdk=iphonesimulator*]" = YES;
				"INFOPLIST_KEY_UILaunchScreen_Generation[sdk=iphoneos*]" = YES;
				"INFOPLIST_KEY_UILaunchScreen_Generation[sdk=iphonesimulator*]" = YES;
				"INFOPLIST_KEY_UIStatusBarStyle[sdk=iphoneos*]" = UIStatusBarStyleDefault;
				"INFOPLIST_KEY_UIStatusBarStyle[sdk=iphonesimulator*]" = UIStatusBarStyleDefault;
				INFOPLIST_KEY_UISupportedInterfaceOrientations_iPad = "UIInterfaceOrientationPortrait UIInterfaceOrientationPortraitUpsideDown UIInterfaceOrientationLandscapeLeft UIInterfaceOrientationLandscapeRight";
				INFOPLIST_KEY_UISupportedInterfaceOrientations_iPhone = "UIInterfaceOrientationPortrait UIInterfaceOrientationLandscapeLeft UIInterfaceOrientationLandscapeRight";
				IPHONEOS_DEPLOYMENT_TARGET = 16.4;
				LD_RUNPATH_SEARCH_PATHS = "@executable_path/Frameworks";
				"LD_RUNPATH_SEARCH_PATHS[sdk=macosx*]" = "@executable_path/../Frameworks";
				MACOSX_DEPLOYMENT_TARGET = 13.2;
				MARKETING_VERSION = 1.0;
				PRODUCT_BUNDLE_IDENTIFIER = cs.sussex.InteractExperiment;
				PRODUCT_NAME = "$(TARGET_NAME)";
				SDKROOT = auto;
				SUPPORTED_PLATFORMS = "iphoneos iphonesimulator macosx";
				SWIFT_EMIT_LOC_STRINGS = YES;
				SWIFT_VERSION = 5.0;
				TARGETED_DEVICE_FAMILY = "1,2";
			};
			name = Release;
		};
/* End XCBuildConfiguration section */

/* Begin XCConfigurationList section */
		8BB365952A1F9F2400DE2B5C /* Build configuration list for PBXProject "InteractExperiment" */ = {
			isa = XCConfigurationList;
			buildConfigurations = (
				8BB365A72A1F9F2500DE2B5C /* Debug */,
				8BB365A82A1F9F2500DE2B5C /* Release */,
			);
			defaultConfigurationIsVisible = 0;
			defaultConfigurationName = Release;
		};
		8BB365A92A1F9F2500DE2B5C /* Build configuration list for PBXNativeTarget "InteractExperiment" */ = {
			isa = XCConfigurationList;
			buildConfigurations = (
				8BB365AA2A1F9F2500DE2B5C /* Debug */,
				8BB365AB2A1F9F2500DE2B5C /* Release */,
			);
			defaultConfigurationIsVisible = 0;
			defaultConfigurationName = Release;
		};
/* End XCConfigurationList section */

/* Begin XCRemoteSwiftPackageReference section */
		8BADE42B2A2C9C7F0087C74D /* XCRemoteSwiftPackageReference "PopupView" */ = {
			isa = XCRemoteSwiftPackageReference;
			repositoryURL = "https://github.com/exyte/PopupView.git";
			requirement = {
				kind = exactVersion;
				version = 2.4.2;
			};
		};
/* End XCRemoteSwiftPackageReference section */

/* Begin XCSwiftPackageProductDependency section */
		8BADE42C2A2C9C7F0087C74D /* PopupView */ = {
			isa = XCSwiftPackageProductDependency;
			package = 8BADE42B2A2C9C7F0087C74D /* XCRemoteSwiftPackageReference "PopupView" */;
			productName = PopupView;
		};
/* End XCSwiftPackageProductDependency section */
	};
	rootObject = 8BB365922A1F9F2400DE2B5C /* Project object */;
}
