// !$*UTF8*$!
{
	archiveVersion = 1;
	classes = {
	};
	objectVersion = 56;
	objects = {

/* Begin PBXBuildFile section */
		8B05BE122A655CD7001220D2 /* ExperimentImagesModel.swift in Sources */ = {isa = PBXBuildFile; fileRef = 8B05BE112A655CD7001220D2 /* ExperimentImagesModel.swift */; };
		8B05BE142A65732B001220D2 /* AddPhaseView.swift in Sources */ = {isa = PBXBuildFile; fileRef = 8B05BE132A65732B001220D2 /* AddPhaseView.swift */; };
		8B119AC72A46F7900021C564 /* RootCoordinator.swift in Sources */ = {isa = PBXBuildFile; fileRef = 8B119AC62A46F7900021C564 /* RootCoordinator.swift */; };
		8B13B52D2A51CCEA004E98A8 /* InputDataModel.swift in Sources */ = {isa = PBXBuildFile; fileRef = 8B13B52C2A51CCEA004E98A8 /* InputDataModel.swift */; };
		8B152A0E2A43191300D666AF /* CreateConfigurationCoordinator.swift in Sources */ = {isa = PBXBuildFile; fileRef = 8B152A0D2A43191300D666AF /* CreateConfigurationCoordinator.swift */; };
		8B17FF442A5ADFE800DF3B69 /* PreviousExperimentItemView.swift in Sources */ = {isa = PBXBuildFile; fileRef = 8B17FF432A5ADFE800DF3B69 /* PreviousExperimentItemView.swift */; };
		8B17FF472A5B089100DF3B69 /* DateExtensions.swift in Sources */ = {isa = PBXBuildFile; fileRef = 8B17FF462A5B089100DF3B69 /* DateExtensions.swift */; };
		8B19F4722A52099600433112 /* ExperimentFlowState.swift in Sources */ = {isa = PBXBuildFile; fileRef = 8B19F4712A52099600433112 /* ExperimentFlowState.swift */; };
		8B2C0F6B2A54A04C00CE75AC /* LogWriter.swift in Sources */ = {isa = PBXBuildFile; fileRef = 8B2C0F6A2A54A04C00CE75AC /* LogWriter.swift */; };
		8B2C0F6D2A54A21900CE75AC /* InteractLogWriter.swift in Sources */ = {isa = PBXBuildFile; fileRef = 8B2C0F6C2A54A21900CE75AC /* InteractLogWriter.swift */; };
		8B2C0F6F2A54A46D00CE75AC /* DateFormatterExtensions.swift in Sources */ = {isa = PBXBuildFile; fileRef = 8B2C0F6E2A54A46D00CE75AC /* DateFormatterExtensions.swift */; };
		8B5ACB882A2E0452002F5AA9 /* FileManagerExtensions.swift in Sources */ = {isa = PBXBuildFile; fileRef = 8B5ACB872A2E0452002F5AA9 /* FileManagerExtensions.swift */; };
		8B604D112A587AF200E1AEE7 /* PreviousExperimentsView.swift in Sources */ = {isa = PBXBuildFile; fileRef = 8B604D102A587AF200E1AEE7 /* PreviousExperimentsView.swift */; };
		8B62488E2A5CB5F4007C52F2 /* ExperimentGestureView.swift in Sources */ = {isa = PBXBuildFile; fileRef = 8B62488D2A5CB5F4007C52F2 /* ExperimentGestureView.swift */; };
		8B6477F62A2674570071F582 /* CreateConfigurationView.swift in Sources */ = {isa = PBXBuildFile; fileRef = 8B6477F52A2674570071F582 /* CreateConfigurationView.swift */; };
		8B6477F92A267FD60071F582 /* ColorExtensions.swift in Sources */ = {isa = PBXBuildFile; fileRef = 8B6477F82A267FD60071F582 /* ColorExtensions.swift */; };
		8B8DFEC02A52FEBF00D8CE5D /* EndExperimentView.swift in Sources */ = {isa = PBXBuildFile; fileRef = 8B8DFEBF2A52FEBF00D8CE5D /* EndExperimentView.swift */; };
		8B8DFEC22A52FED000D8CE5D /* EndExperimentViewModel.swift in Sources */ = {isa = PBXBuildFile; fileRef = 8B8DFEC12A52FED000D8CE5D /* EndExperimentViewModel.swift */; };
		8B8DFEC42A52FEE700D8CE5D /* EndExperimentCoordinator.swift in Sources */ = {isa = PBXBuildFile; fileRef = 8B8DFEC32A52FEE700D8CE5D /* EndExperimentCoordinator.swift */; };
		8B8DFEC62A52FF0600D8CE5D /* EndExperimentFlowState.swift in Sources */ = {isa = PBXBuildFile; fileRef = 8B8DFEC52A52FF0600D8CE5D /* EndExperimentFlowState.swift */; };
		8B905C332A49BA15006A9A53 /* CreateConfigurationFlowState.swift in Sources */ = {isa = PBXBuildFile; fileRef = 8B905C322A49BA15006A9A53 /* CreateConfigurationFlowState.swift */; };
		8B905C352A49CB68006A9A53 /* ExperimentCoordinator.swift in Sources */ = {isa = PBXBuildFile; fileRef = 8B905C342A49CB68006A9A53 /* ExperimentCoordinator.swift */; };
		8B905C372A49CB6F006A9A53 /* ExperimentView.swift in Sources */ = {isa = PBXBuildFile; fileRef = 8B905C362A49CB6F006A9A53 /* ExperimentView.swift */; };
		8B93F2472A4EEADD0026E41D /* InputPane.swift in Sources */ = {isa = PBXBuildFile; fileRef = 8B93F2462A4EEADD0026E41D /* InputPane.swift */; };
		8B95C01A2A27E5B60094C925 /* ImagePicker.swift in Sources */ = {isa = PBXBuildFile; fileRef = 8B95C0192A27E5B60094C925 /* ImagePicker.swift */; };
		8BA143162A647986008D8AB4 /* ExperimentPhaseSectionView.swift in Sources */ = {isa = PBXBuildFile; fileRef = 8BA143152A647986008D8AB4 /* ExperimentPhaseSectionView.swift */; };
		8BA49F672A5979AB00148687 /* PreviousExperimentsModel.swift in Sources */ = {isa = PBXBuildFile; fileRef = 8BA49F662A5979AB00148687 /* PreviousExperimentsModel.swift */; };
		8BA49F692A59857600148687 /* ViewStyleExtensions.swift in Sources */ = {isa = PBXBuildFile; fileRef = 8BA49F682A59857600148687 /* ViewStyleExtensions.swift */; };
		8BADE42D2A2C9C7F0087C74D /* PopupView in Frameworks */ = {isa = PBXBuildFile; productRef = 8BADE42C2A2C9C7F0087C74D /* PopupView */; };
		8BADE4302A2CA3650087C74D /* ToastView.swift in Sources */ = {isa = PBXBuildFile; fileRef = 8BADE42F2A2CA3650087C74D /* ToastView.swift */; };
		8BADE4342A2D12720087C74D /* ImageItemView.swift in Sources */ = {isa = PBXBuildFile; fileRef = 8BADE4332A2D12720087C74D /* ImageItemView.swift */; };
		8BADE4372A2D18F10087C74D /* ConfigurationModel.swift in Sources */ = {isa = PBXBuildFile; fileRef = 8BADE4362A2D18F10087C74D /* ConfigurationModel.swift */; };
		8BADE43A2A2D1C310087C74D /* CreateConfigurationViewModel.swift in Sources */ = {isa = PBXBuildFile; fileRef = 8BADE4392A2D1C310087C74D /* CreateConfigurationViewModel.swift */; };
		8BAF3C682A1FB28E00C0A4CE /* RootView.swift in Sources */ = {isa = PBXBuildFile; fileRef = 8BAF3C672A1FB28E00C0A4CE /* RootView.swift */; };
		8BB3659E2A1F9F2400DE2B5C /* InteractExperimentApp.swift in Sources */ = {isa = PBXBuildFile; fileRef = 8BB3659D2A1F9F2400DE2B5C /* InteractExperimentApp.swift */; };
		8BB365A02A1F9F2400DE2B5C /* ContentView.swift in Sources */ = {isa = PBXBuildFile; fileRef = 8BB3659F2A1F9F2400DE2B5C /* ContentView.swift */; };
		8BB365A22A1F9F2500DE2B5C /* Assets.xcassets in Resources */ = {isa = PBXBuildFile; fileRef = 8BB365A12A1F9F2500DE2B5C /* Assets.xcassets */; };
		8BB365A62A1F9F2500DE2B5C /* Preview Assets.xcassets in Resources */ = {isa = PBXBuildFile; fileRef = 8BB365A52A1F9F2500DE2B5C /* Preview Assets.xcassets */; };
		8BBB17FC2A48AF3600BB5E7B /* RootFlowState.swift in Sources */ = {isa = PBXBuildFile; fileRef = 8BBB17FB2A48AF3600BB5E7B /* RootFlowState.swift */; };
		8BE107FF2A599C180014ECEA /* MockImages.swift in Sources */ = {isa = PBXBuildFile; fileRef = 8BE107FE2A599C180014ECEA /* MockImages.swift */; };
		8BE108012A59AA440014ECEA /* PreviousExperimentsViewModel.swift in Sources */ = {isa = PBXBuildFile; fileRef = 8BE108002A59AA440014ECEA /* PreviousExperimentsViewModel.swift */; };
		8BE16A2C2A4076EF00A83B9E /* ParticipantIdAlertView.swift in Sources */ = {isa = PBXBuildFile; fileRef = 8BE16A2B2A4076EF00A83B9E /* ParticipantIdAlertView.swift */; };
		8BE16A2E2A4083F500A83B9E /* ExperimentViewModel.swift in Sources */ = {isa = PBXBuildFile; fileRef = 8BE16A2D2A4083F500A83B9E /* ExperimentViewModel.swift */; };
		8BE16A322A4084F300A83B9E /* InteractLogModel.swift in Sources */ = {isa = PBXBuildFile; fileRef = 8BE16A312A4084F300A83B9E /* InteractLogModel.swift */; };
		8BE6C0F52A4C613B00B3C8E2 /* StartExperimentCoordinator.swift in Sources */ = {isa = PBXBuildFile; fileRef = 8BE6C0F42A4C613B00B3C8E2 /* StartExperimentCoordinator.swift */; };
		8BE6C0F72A4C6AE000B3C8E2 /* StartExperimentFlowState.swift in Sources */ = {isa = PBXBuildFile; fileRef = 8BE6C0F62A4C6AE000B3C8E2 /* StartExperimentFlowState.swift */; };
		8BE8087E2A23A7820057CC35 /* ConfigurationsView.swift in Sources */ = {isa = PBXBuildFile; fileRef = 8BE8087D2A23A7820057CC35 /* ConfigurationsView.swift */; };
		8BE808802A23A79F0057CC35 /* ExperimentsView.swift in Sources */ = {isa = PBXBuildFile; fileRef = 8BE8087F2A23A79F0057CC35 /* ExperimentsView.swift */; };
		8BF7439C2A4B1DA700787997 /* InstructionViewModel.swift in Sources */ = {isa = PBXBuildFile; fileRef = 8BF7439B2A4B1DA700787997 /* InstructionViewModel.swift */; };
		8BF743A02A4B1DBF00787997 /* InstructionCoordinator.swift in Sources */ = {isa = PBXBuildFile; fileRef = 8BF7439F2A4B1DBF00787997 /* InstructionCoordinator.swift */; };
		8BF743A22A4B1DEC00787997 /* InstructionFlowState.swift in Sources */ = {isa = PBXBuildFile; fileRef = 8BF743A12A4B1DEC00787997 /* InstructionFlowState.swift */; };
		8BF743A42A4B1E0000787997 /* InstructionView.swift in Sources */ = {isa = PBXBuildFile; fileRef = 8BF743A32A4B1DFF00787997 /* InstructionView.swift */; };
		8BFA2EE82A69742F007717F3 /* LoadingView.swift in Sources */ = {isa = PBXBuildFile; fileRef = 8BFA2EE72A69742F007717F3 /* LoadingView.swift */; };
/* End PBXBuildFile section */

/* Begin PBXFileReference section */
		8B05BE112A655CD7001220D2 /* ExperimentImagesModel.swift */ = {isa = PBXFileReference; lastKnownFileType = sourcecode.swift; path = ExperimentImagesModel.swift; sourceTree = "<group>"; };
		8B05BE132A65732B001220D2 /* AddPhaseView.swift */ = {isa = PBXFileReference; lastKnownFileType = sourcecode.swift; path = AddPhaseView.swift; sourceTree = "<group>"; };
		8B119AC62A46F7900021C564 /* RootCoordinator.swift */ = {isa = PBXFileReference; lastKnownFileType = sourcecode.swift; path = RootCoordinator.swift; sourceTree = "<group>"; };
		8B13B52C2A51CCEA004E98A8 /* InputDataModel.swift */ = {isa = PBXFileReference; lastKnownFileType = sourcecode.swift; path = InputDataModel.swift; sourceTree = "<group>"; };
		8B152A0D2A43191300D666AF /* CreateConfigurationCoordinator.swift */ = {isa = PBXFileReference; lastKnownFileType = sourcecode.swift; path = CreateConfigurationCoordinator.swift; sourceTree = "<group>"; };
		8B17FF432A5ADFE800DF3B69 /* PreviousExperimentItemView.swift */ = {isa = PBXFileReference; lastKnownFileType = sourcecode.swift; path = PreviousExperimentItemView.swift; sourceTree = "<group>"; };
		8B17FF462A5B089100DF3B69 /* DateExtensions.swift */ = {isa = PBXFileReference; lastKnownFileType = sourcecode.swift; path = DateExtensions.swift; sourceTree = "<group>"; };
		8B19F4712A52099600433112 /* ExperimentFlowState.swift */ = {isa = PBXFileReference; lastKnownFileType = sourcecode.swift; path = ExperimentFlowState.swift; sourceTree = "<group>"; };
		8B2C0F6A2A54A04C00CE75AC /* LogWriter.swift */ = {isa = PBXFileReference; lastKnownFileType = sourcecode.swift; path = LogWriter.swift; sourceTree = "<group>"; };
		8B2C0F6C2A54A21900CE75AC /* InteractLogWriter.swift */ = {isa = PBXFileReference; lastKnownFileType = sourcecode.swift; path = InteractLogWriter.swift; sourceTree = "<group>"; };
		8B2C0F6E2A54A46D00CE75AC /* DateFormatterExtensions.swift */ = {isa = PBXFileReference; lastKnownFileType = sourcecode.swift; path = DateFormatterExtensions.swift; sourceTree = "<group>"; };
		8B5ACB872A2E0452002F5AA9 /* FileManagerExtensions.swift */ = {isa = PBXFileReference; lastKnownFileType = sourcecode.swift; path = FileManagerExtensions.swift; sourceTree = "<group>"; };
		8B604D102A587AF200E1AEE7 /* PreviousExperimentsView.swift */ = {isa = PBXFileReference; lastKnownFileType = sourcecode.swift; path = PreviousExperimentsView.swift; sourceTree = "<group>"; };
		8B62488D2A5CB5F4007C52F2 /* ExperimentGestureView.swift */ = {isa = PBXFileReference; lastKnownFileType = sourcecode.swift; path = ExperimentGestureView.swift; sourceTree = "<group>"; };
		8B6477F52A2674570071F582 /* CreateConfigurationView.swift */ = {isa = PBXFileReference; lastKnownFileType = sourcecode.swift; path = CreateConfigurationView.swift; sourceTree = "<group>"; };
		8B6477F82A267FD60071F582 /* ColorExtensions.swift */ = {isa = PBXFileReference; lastKnownFileType = sourcecode.swift; path = ColorExtensions.swift; sourceTree = "<group>"; };
		8B8DFEBF2A52FEBF00D8CE5D /* EndExperimentView.swift */ = {isa = PBXFileReference; lastKnownFileType = sourcecode.swift; path = EndExperimentView.swift; sourceTree = "<group>"; };
		8B8DFEC12A52FED000D8CE5D /* EndExperimentViewModel.swift */ = {isa = PBXFileReference; lastKnownFileType = sourcecode.swift; path = EndExperimentViewModel.swift; sourceTree = "<group>"; };
		8B8DFEC32A52FEE700D8CE5D /* EndExperimentCoordinator.swift */ = {isa = PBXFileReference; lastKnownFileType = sourcecode.swift; path = EndExperimentCoordinator.swift; sourceTree = "<group>"; };
		8B8DFEC52A52FF0600D8CE5D /* EndExperimentFlowState.swift */ = {isa = PBXFileReference; lastKnownFileType = sourcecode.swift; path = EndExperimentFlowState.swift; sourceTree = "<group>"; };
		8B905C322A49BA15006A9A53 /* CreateConfigurationFlowState.swift */ = {isa = PBXFileReference; lastKnownFileType = sourcecode.swift; path = CreateConfigurationFlowState.swift; sourceTree = "<group>"; };
		8B905C342A49CB68006A9A53 /* ExperimentCoordinator.swift */ = {isa = PBXFileReference; fileEncoding = 4; lastKnownFileType = sourcecode.swift; path = ExperimentCoordinator.swift; sourceTree = "<group>"; };
		8B905C362A49CB6F006A9A53 /* ExperimentView.swift */ = {isa = PBXFileReference; fileEncoding = 4; lastKnownFileType = sourcecode.swift; path = ExperimentView.swift; sourceTree = "<group>"; };
		8B93F2462A4EEADD0026E41D /* InputPane.swift */ = {isa = PBXFileReference; lastKnownFileType = sourcecode.swift; path = InputPane.swift; sourceTree = "<group>"; };
		8B95C0192A27E5B60094C925 /* ImagePicker.swift */ = {isa = PBXFileReference; lastKnownFileType = sourcecode.swift; path = ImagePicker.swift; sourceTree = "<group>"; };
		8BA143152A647986008D8AB4 /* ExperimentPhaseSectionView.swift */ = {isa = PBXFileReference; lastKnownFileType = sourcecode.swift; path = ExperimentPhaseSectionView.swift; sourceTree = "<group>"; };
		8BA49F662A5979AB00148687 /* PreviousExperimentsModel.swift */ = {isa = PBXFileReference; lastKnownFileType = sourcecode.swift; path = PreviousExperimentsModel.swift; sourceTree = "<group>"; };
		8BA49F682A59857600148687 /* ViewStyleExtensions.swift */ = {isa = PBXFileReference; lastKnownFileType = sourcecode.swift; path = ViewStyleExtensions.swift; sourceTree = "<group>"; };
		8BADE42F2A2CA3650087C74D /* ToastView.swift */ = {isa = PBXFileReference; lastKnownFileType = sourcecode.swift; path = ToastView.swift; sourceTree = "<group>"; };
		8BADE4332A2D12720087C74D /* ImageItemView.swift */ = {isa = PBXFileReference; lastKnownFileType = sourcecode.swift; path = ImageItemView.swift; sourceTree = "<group>"; };
		8BADE4362A2D18F10087C74D /* ConfigurationModel.swift */ = {isa = PBXFileReference; lastKnownFileType = sourcecode.swift; path = ConfigurationModel.swift; sourceTree = "<group>"; };
		8BADE4392A2D1C310087C74D /* CreateConfigurationViewModel.swift */ = {isa = PBXFileReference; lastKnownFileType = sourcecode.swift; path = CreateConfigurationViewModel.swift; sourceTree = "<group>"; };
		8BAF3C672A1FB28E00C0A4CE /* RootView.swift */ = {isa = PBXFileReference; lastKnownFileType = sourcecode.swift; path = RootView.swift; sourceTree = "<group>"; };
		8BB3659A2A1F9F2400DE2B5C /* InteractExperiment.app */ = {isa = PBXFileReference; explicitFileType = wrapper.application; includeInIndex = 0; path = InteractExperiment.app; sourceTree = BUILT_PRODUCTS_DIR; };
		8BB3659D2A1F9F2400DE2B5C /* InteractExperimentApp.swift */ = {isa = PBXFileReference; lastKnownFileType = sourcecode.swift; path = InteractExperimentApp.swift; sourceTree = "<group>"; };
		8BB3659F2A1F9F2400DE2B5C /* ContentView.swift */ = {isa = PBXFileReference; lastKnownFileType = sourcecode.swift; path = ContentView.swift; sourceTree = "<group>"; };
		8BB365A12A1F9F2500DE2B5C /* Assets.xcassets */ = {isa = PBXFileReference; lastKnownFileType = folder.assetcatalog; path = Assets.xcassets; sourceTree = "<group>"; };
		8BB365A32A1F9F2500DE2B5C /* InteractExperiment.entitlements */ = {isa = PBXFileReference; lastKnownFileType = text.plist.entitlements; path = InteractExperiment.entitlements; sourceTree = "<group>"; };
		8BB365A52A1F9F2500DE2B5C /* Preview Assets.xcassets */ = {isa = PBXFileReference; lastKnownFileType = folder.assetcatalog; path = "Preview Assets.xcassets"; sourceTree = "<group>"; };
		8BBB17FB2A48AF3600BB5E7B /* RootFlowState.swift */ = {isa = PBXFileReference; lastKnownFileType = sourcecode.swift; path = RootFlowState.swift; sourceTree = "<group>"; };
		8BE107FE2A599C180014ECEA /* MockImages.swift */ = {isa = PBXFileReference; lastKnownFileType = sourcecode.swift; path = MockImages.swift; sourceTree = "<group>"; };
		8BE108002A59AA440014ECEA /* PreviousExperimentsViewModel.swift */ = {isa = PBXFileReference; lastKnownFileType = sourcecode.swift; path = PreviousExperimentsViewModel.swift; sourceTree = "<group>"; };
		8BE16A2B2A4076EF00A83B9E /* ParticipantIdAlertView.swift */ = {isa = PBXFileReference; lastKnownFileType = sourcecode.swift; path = ParticipantIdAlertView.swift; sourceTree = "<group>"; };
		8BE16A2D2A4083F500A83B9E /* ExperimentViewModel.swift */ = {isa = PBXFileReference; lastKnownFileType = sourcecode.swift; path = ExperimentViewModel.swift; sourceTree = "<group>"; };
		8BE16A312A4084F300A83B9E /* InteractLogModel.swift */ = {isa = PBXFileReference; lastKnownFileType = sourcecode.swift; path = InteractLogModel.swift; sourceTree = "<group>"; };
		8BE6C0F42A4C613B00B3C8E2 /* StartExperimentCoordinator.swift */ = {isa = PBXFileReference; lastKnownFileType = sourcecode.swift; path = StartExperimentCoordinator.swift; sourceTree = "<group>"; };
		8BE6C0F62A4C6AE000B3C8E2 /* StartExperimentFlowState.swift */ = {isa = PBXFileReference; lastKnownFileType = sourcecode.swift; path = StartExperimentFlowState.swift; sourceTree = "<group>"; };
		8BE8087D2A23A7820057CC35 /* ConfigurationsView.swift */ = {isa = PBXFileReference; lastKnownFileType = sourcecode.swift; path = ConfigurationsView.swift; sourceTree = "<group>"; };
		8BE8087F2A23A79F0057CC35 /* ExperimentsView.swift */ = {isa = PBXFileReference; lastKnownFileType = sourcecode.swift; path = ExperimentsView.swift; sourceTree = "<group>"; };
		8BF7439B2A4B1DA700787997 /* InstructionViewModel.swift */ = {isa = PBXFileReference; lastKnownFileType = sourcecode.swift; path = InstructionViewModel.swift; sourceTree = "<group>"; };
		8BF7439F2A4B1DBF00787997 /* InstructionCoordinator.swift */ = {isa = PBXFileReference; lastKnownFileType = sourcecode.swift; path = InstructionCoordinator.swift; sourceTree = "<group>"; };
		8BF743A12A4B1DEC00787997 /* InstructionFlowState.swift */ = {isa = PBXFileReference; lastKnownFileType = sourcecode.swift; path = InstructionFlowState.swift; sourceTree = "<group>"; };
		8BF743A32A4B1DFF00787997 /* InstructionView.swift */ = {isa = PBXFileReference; fileEncoding = 4; lastKnownFileType = sourcecode.swift; path = InstructionView.swift; sourceTree = "<group>"; };
		8BFA2EE72A69742F007717F3 /* LoadingView.swift */ = {isa = PBXFileReference; lastKnownFileType = sourcecode.swift; path = LoadingView.swift; sourceTree = "<group>"; };
/* End PBXFileReference section */

/* Begin PBXFrameworksBuildPhase section */
		8BB365972A1F9F2400DE2B5C /* Frameworks */ = {
			isa = PBXFrameworksBuildPhase;
			buildActionMask = 2147483647;
			files = (
				8BADE42D2A2C9C7F0087C74D /* PopupView in Frameworks */,
			);
			runOnlyForDeploymentPostprocessing = 0;
		};
/* End PBXFrameworksBuildPhase section */

/* Begin PBXGroup section */
		8B119AC52A46F77D0021C564 /* RootView */ = {
			isa = PBXGroup;
			children = (
				8BAF3C672A1FB28E00C0A4CE /* RootView.swift */,
				8B119AC62A46F7900021C564 /* RootCoordinator.swift */,
				8BBB17FB2A48AF3600BB5E7B /* RootFlowState.swift */,
			);
			path = RootView;
			sourceTree = "<group>";
		};
		8B17FF452A5ADFED00DF3B69 /* Views */ = {
			isa = PBXGroup;
			children = (
				8B17FF432A5ADFE800DF3B69 /* PreviousExperimentItemView.swift */,
				8B62488D2A5CB5F4007C52F2 /* ExperimentGestureView.swift */,
			);
			path = Views;
			sourceTree = "<group>";
		};
		8B2C0F692A54A01800CE75AC /* LogWriter */ = {
			isa = PBXGroup;
			children = (
				8B2C0F6A2A54A04C00CE75AC /* LogWriter.swift */,
				8B2C0F6C2A54A21900CE75AC /* InteractLogWriter.swift */,
			);
			path = LogWriter;
			sourceTree = "<group>";
		};
		8B604D0F2A587AC100E1AEE7 /* PreviousExperiments */ = {
			isa = PBXGroup;
			children = (
				8B604D102A587AF200E1AEE7 /* PreviousExperimentsView.swift */,
				8BE108002A59AA440014ECEA /* PreviousExperimentsViewModel.swift */,
				8B17FF452A5ADFED00DF3B69 /* Views */,
				8BA49F652A59799200148687 /* Models */,
			);
			path = PreviousExperiments;
			sourceTree = "<group>";
		};
		8B6477F72A267FB60071F582 /* Extensions */ = {
			isa = PBXGroup;
			children = (
				8B6477F82A267FD60071F582 /* ColorExtensions.swift */,
				8BA49F682A59857600148687 /* ViewStyleExtensions.swift */,
				8B5ACB872A2E0452002F5AA9 /* FileManagerExtensions.swift */,
				8B2C0F6E2A54A46D00CE75AC /* DateFormatterExtensions.swift */,
				8B17FF462A5B089100DF3B69 /* DateExtensions.swift */,
			);
			path = Extensions;
			sourceTree = "<group>";
		};
		8B8DFEBE2A52FEA600D8CE5D /* EndExperiment */ = {
			isa = PBXGroup;
			children = (
				8B8DFEBF2A52FEBF00D8CE5D /* EndExperimentView.swift */,
				8B8DFEC12A52FED000D8CE5D /* EndExperimentViewModel.swift */,
				8B8DFEC32A52FEE700D8CE5D /* EndExperimentCoordinator.swift */,
				8B8DFEC52A52FF0600D8CE5D /* EndExperimentFlowState.swift */,
			);
			path = EndExperiment;
			sourceTree = "<group>";
		};
		8BA49F652A59799200148687 /* Models */ = {
			isa = PBXGroup;
			children = (
				8BA49F662A5979AB00148687 /* PreviousExperimentsModel.swift */,
			);
			path = Models;
			sourceTree = "<group>";
		};
		8BADE42E2A2CA34A0087C74D /* CommonViews */ = {
			isa = PBXGroup;
			children = (
				8B95C0192A27E5B60094C925 /* ImagePicker.swift */,
				8BADE42F2A2CA3650087C74D /* ToastView.swift */,
				8BFA2EE72A69742F007717F3 /* LoadingView.swift */,
			);
			path = CommonViews;
			sourceTree = "<group>";
		};
		8BADE4322A2D11F90087C74D /* CreateConfigurations */ = {
			isa = PBXGroup;
			children = (
				8B6477F52A2674570071F582 /* CreateConfigurationView.swift */,
				8BADE4392A2D1C310087C74D /* CreateConfigurationViewModel.swift */,
				8B152A0D2A43191300D666AF /* CreateConfigurationCoordinator.swift */,
				8B905C322A49BA15006A9A53 /* CreateConfigurationFlowState.swift */,
				8BADE4382A2D1C1E0087C74D /* Views */,
				8BADE4352A2D18E50087C74D /* Models */,
			);
			path = CreateConfigurations;
			sourceTree = "<group>";
		};
		8BADE4352A2D18E50087C74D /* Models */ = {
			isa = PBXGroup;
			children = (
				8BADE4362A2D18F10087C74D /* ConfigurationModel.swift */,
				8B05BE112A655CD7001220D2 /* ExperimentImagesModel.swift */,
			);
			path = Models;
			sourceTree = "<group>";
		};
		8BADE4382A2D1C1E0087C74D /* Views */ = {
			isa = PBXGroup;
			children = (
				8BADE4332A2D12720087C74D /* ImageItemView.swift */,
				8BA143152A647986008D8AB4 /* ExperimentPhaseSectionView.swift */,
				8B05BE132A65732B001220D2 /* AddPhaseView.swift */,
			);
			path = Views;
			sourceTree = "<group>";
		};
		8BB365912A1F9F2400DE2B5C = {
			isa = PBXGroup;
			children = (
				8BB3659C2A1F9F2400DE2B5C /* InteractExperiment */,
				8BB3659B2A1F9F2400DE2B5C /* Products */,
			);
			sourceTree = "<group>";
		};
		8BB3659B2A1F9F2400DE2B5C /* Products */ = {
			isa = PBXGroup;
			children = (
				8BB3659A2A1F9F2400DE2B5C /* InteractExperiment.app */,
			);
			name = Products;
			sourceTree = "<group>";
		};
		8BB3659C2A1F9F2400DE2B5C /* InteractExperiment */ = {
			isa = PBXGroup;
			children = (
				8BB3659D2A1F9F2400DE2B5C /* InteractExperimentApp.swift */,
				8BB3659F2A1F9F2400DE2B5C /* ContentView.swift */,
				8BE8087D2A23A7820057CC35 /* ConfigurationsView.swift */,
				8BE8087F2A23A79F0057CC35 /* ExperimentsView.swift */,
				8B119AC52A46F77D0021C564 /* RootView */,
				8BADE42E2A2CA34A0087C74D /* CommonViews */,
				8BADE4322A2D11F90087C74D /* CreateConfigurations */,
				8BE16A282A406A1200A83B9E /* ExperimentProcess */,
				8B6477F72A267FB60071F582 /* Extensions */,
				8B604D0F2A587AC100E1AEE7 /* PreviousExperiments */,
				8BB365A12A1F9F2500DE2B5C /* Assets.xcassets */,
				8BB365A32A1F9F2500DE2B5C /* InteractExperiment.entitlements */,
				8BB365A42A1F9F2500DE2B5C /* Preview Content */,
			);
			path = InteractExperiment;
			sourceTree = "<group>";
		};
		8BB365A42A1F9F2500DE2B5C /* Preview Content */ = {
			isa = PBXGroup;
			children = (
				8BB365A52A1F9F2500DE2B5C /* Preview Assets.xcassets */,
				8BE107FE2A599C180014ECEA /* MockImages.swift */,
			);
			path = "Preview Content";
			sourceTree = "<group>";
		};
		8BE16A282A406A1200A83B9E /* ExperimentProcess */ = {
			isa = PBXGroup;
			children = (
				8BE6C0F42A4C613B00B3C8E2 /* StartExperimentCoordinator.swift */,
				8BE6C0F62A4C6AE000B3C8E2 /* StartExperimentFlowState.swift */,
				8BE6C0F82A4C80AD00B3C8E2 /* Experiment */,
				8BF7439A2A4B1D8200787997 /* Instruction */,
				8B8DFEBE2A52FEA600D8CE5D /* EndExperiment */,
				8BE16A302A4084D300A83B9E /* Views */,
				8BE16A2F2A4084C700A83B9E /* Models */,
			);
			path = ExperimentProcess;
			sourceTree = "<group>";
		};
		8BE16A2F2A4084C700A83B9E /* Models */ = {
			isa = PBXGroup;
			children = (
				8BE16A312A4084F300A83B9E /* InteractLogModel.swift */,
				8B13B52C2A51CCEA004E98A8 /* InputDataModel.swift */,
			);
			path = Models;
			sourceTree = "<group>";
		};
		8BE16A302A4084D300A83B9E /* Views */ = {
			isa = PBXGroup;
			children = (
				8BE16A2B2A4076EF00A83B9E /* ParticipantIdAlertView.swift */,
				8B93F2462A4EEADD0026E41D /* InputPane.swift */,
			);
			path = Views;
			sourceTree = "<group>";
		};
		8BE6C0F82A4C80AD00B3C8E2 /* Experiment */ = {
			isa = PBXGroup;
			children = (
				8B905C362A49CB6F006A9A53 /* ExperimentView.swift */,
				8BE16A2D2A4083F500A83B9E /* ExperimentViewModel.swift */,
				8B905C342A49CB68006A9A53 /* ExperimentCoordinator.swift */,
				8B19F4712A52099600433112 /* ExperimentFlowState.swift */,
				8B2C0F692A54A01800CE75AC /* LogWriter */,
			);
			path = Experiment;
			sourceTree = "<group>";
		};
		8BF7439A2A4B1D8200787997 /* Instruction */ = {
			isa = PBXGroup;
			children = (
				8BF743A32A4B1DFF00787997 /* InstructionView.swift */,
				8BF7439B2A4B1DA700787997 /* InstructionViewModel.swift */,
				8BF7439F2A4B1DBF00787997 /* InstructionCoordinator.swift */,
				8BF743A12A4B1DEC00787997 /* InstructionFlowState.swift */,
			);
			path = Instruction;
			sourceTree = "<group>";
		};
/* End PBXGroup section */

/* Begin PBXNativeTarget section */
		8BB365992A1F9F2400DE2B5C /* InteractExperiment */ = {
			isa = PBXNativeTarget;
			buildConfigurationList = 8BB365A92A1F9F2500DE2B5C /* Build configuration list for PBXNativeTarget "InteractExperiment" */;
			buildPhases = (
				8BB365962A1F9F2400DE2B5C /* Sources */,
				8BB365972A1F9F2400DE2B5C /* Frameworks */,
				8BB365982A1F9F2400DE2B5C /* Resources */,
			);
			buildRules = (
			);
			dependencies = (
			);
			name = InteractExperiment;
			packageProductDependencies = (
				8BADE42C2A2C9C7F0087C74D /* PopupView */,
			);
			productName = InteractExperiment;
			productReference = 8BB3659A2A1F9F2400DE2B5C /* InteractExperiment.app */;
			productType = "com.apple.product-type.application";
		};
/* End PBXNativeTarget section */

/* Begin PBXProject section */
		8BB365922A1F9F2400DE2B5C /* Project object */ = {
			isa = PBXProject;
			attributes = {
				BuildIndependentTargetsInParallel = 1;
				LastSwiftUpdateCheck = 1430;
				LastUpgradeCheck = 1430;
				TargetAttributes = {
					8BB365992A1F9F2400DE2B5C = {
						CreatedOnToolsVersion = 14.3;
					};
				};
			};
			buildConfigurationList = 8BB365952A1F9F2400DE2B5C /* Build configuration list for PBXProject "InteractExperiment" */;
			compatibilityVersion = "Xcode 14.0";
			developmentRegion = en;
			hasScannedForEncodings = 0;
			knownRegions = (
				en,
				Base,
			);
			mainGroup = 8BB365912A1F9F2400DE2B5C;
			packageReferences = (
				8BADE42B2A2C9C7F0087C74D /* XCRemoteSwiftPackageReference "PopupView" */,
			);
			productRefGroup = 8BB3659B2A1F9F2400DE2B5C /* Products */;
			projectDirPath = "";
			projectRoot = "";
			targets = (
				8BB365992A1F9F2400DE2B5C /* InteractExperiment */,
			);
		};
/* End PBXProject section */

/* Begin PBXResourcesBuildPhase section */
		8BB365982A1F9F2400DE2B5C /* Resources */ = {
			isa = PBXResourcesBuildPhase;
			buildActionMask = 2147483647;
			files = (
				8BB365A62A1F9F2500DE2B5C /* Preview Assets.xcassets in Resources */,
				8BB365A22A1F9F2500DE2B5C /* Assets.xcassets in Resources */,
			);
			runOnlyForDeploymentPostprocessing = 0;
		};
/* End PBXResourcesBuildPhase section */

/* Begin PBXSourcesBuildPhase section */
		8BB365962A1F9F2400DE2B5C /* Sources */ = {
			isa = PBXSourcesBuildPhase;
			buildActionMask = 2147483647;
			files = (
				8BB365A02A1F9F2400DE2B5C /* ContentView.swift in Sources */,
				8BF743A02A4B1DBF00787997 /* InstructionCoordinator.swift in Sources */,
				8B905C332A49BA15006A9A53 /* CreateConfigurationFlowState.swift in Sources */,
				8BF7439C2A4B1DA700787997 /* InstructionViewModel.swift in Sources */,
				8BE808802A23A79F0057CC35 /* ExperimentsView.swift in Sources */,
				8BFA2EE82A69742F007717F3 /* LoadingView.swift in Sources */,
				8BE16A2C2A4076EF00A83B9E /* ParticipantIdAlertView.swift in Sources */,
				8BE108012A59AA440014ECEA /* PreviousExperimentsViewModel.swift in Sources */,
				8BE6C0F72A4C6AE000B3C8E2 /* StartExperimentFlowState.swift in Sources */,
				8BE8087E2A23A7820057CC35 /* ConfigurationsView.swift in Sources */,
				8B05BE122A655CD7001220D2 /* ExperimentImagesModel.swift in Sources */,
				8B2C0F6D2A54A21900CE75AC /* InteractLogWriter.swift in Sources */,
				8B905C352A49CB68006A9A53 /* ExperimentCoordinator.swift in Sources */,
				8BB3659E2A1F9F2400DE2B5C /* InteractExperimentApp.swift in Sources */,
				8B8DFEC22A52FED000D8CE5D /* EndExperimentViewModel.swift in Sources */,
				8BBB17FC2A48AF3600BB5E7B /* RootFlowState.swift in Sources */,
				8B8DFEC02A52FEBF00D8CE5D /* EndExperimentView.swift in Sources */,
				8B905C372A49CB6F006A9A53 /* ExperimentView.swift in Sources */,
				8BADE4372A2D18F10087C74D /* ConfigurationModel.swift in Sources */,
				8B05BE142A65732B001220D2 /* AddPhaseView.swift in Sources */,
				8B604D112A587AF200E1AEE7 /* PreviousExperimentsView.swift in Sources */,
				8B19F4722A52099600433112 /* ExperimentFlowState.swift in Sources */,
				8BADE43A2A2D1C310087C74D /* CreateConfigurationViewModel.swift in Sources */,
				8BE107FF2A599C180014ECEA /* MockImages.swift in Sources */,
				8B2C0F6F2A54A46D00CE75AC /* DateFormatterExtensions.swift in Sources */,
				8B17FF472A5B089100DF3B69 /* DateExtensions.swift in Sources */,
				8BADE4302A2CA3650087C74D /* ToastView.swift in Sources */,
				8BE16A2E2A4083F500A83B9E /* ExperimentViewModel.swift in Sources */,
				8BA143162A647986008D8AB4 /* ExperimentPhaseSectionView.swift in Sources */,
				8BAF3C682A1FB28E00C0A4CE /* RootView.swift in Sources */,
				8B2C0F6B2A54A04C00CE75AC /* LogWriter.swift in Sources */,
				8B8DFEC42A52FEE700D8CE5D /* EndExperimentCoordinator.swift in Sources */,
				8BA49F672A5979AB00148687 /* PreviousExperimentsModel.swift in Sources */,
				8B152A0E2A43191300D666AF /* CreateConfigurationCoordinator.swift in Sources */,
				8BA49F692A59857600148687 /* ViewStyleExtensions.swift in Sources */,
				8B62488E2A5CB5F4007C52F2 /* ExperimentGestureView.swift in Sources */,
				8BE16A322A4084F300A83B9E /* InteractLogModel.swift in Sources */,
				8B8DFEC62A52FF0600D8CE5D /* EndExperimentFlowState.swift in Sources */,
				8B95C01A2A27E5B60094C925 /* ImagePicker.swift in Sources */,
				8B13B52D2A51CCEA004E98A8 /* InputDataModel.swift in Sources */,
				8BF743A22A4B1DEC00787997 /* InstructionFlowState.swift in Sources */,
				8B6477F62A2674570071F582 /* CreateConfigurationView.swift in Sources */,
				8BF743A42A4B1E0000787997 /* InstructionView.swift in Sources */,
				8BE6C0F52A4C613B00B3C8E2 /* StartExperimentCoordinator.swift in Sources */,
				8B6477F92A267FD60071F582 /* ColorExtensions.swift in Sources */,
				8B5ACB882A2E0452002F5AA9 /* FileManagerExtensions.swift in Sources */,
				8BADE4342A2D12720087C74D /* ImageItemView.swift in Sources */,
				8B93F2472A4EEADD0026E41D /* InputPane.swift in Sources */,
				8B17FF442A5ADFE800DF3B69 /* PreviousExperimentItemView.swift in Sources */,
				8B119AC72A46F7900021C564 /* RootCoordinator.swift in Sources */,
			);
			runOnlyForDeploymentPostprocessing = 0;
		};
/* End PBXSourcesBuildPhase section */

/* Begin XCBuildConfiguration section */
		8BB365A72A1F9F2500DE2B5C /* Debug */ = {
			isa = XCBuildConfiguration;
			buildSettings = {
				ALWAYS_SEARCH_USER_PATHS = NO;
				CLANG_ANALYZER_NONNULL = YES;
				CLANG_ANALYZER_NUMBER_OBJECT_CONVERSION = YES_AGGRESSIVE;
				CLANG_CXX_LANGUAGE_STANDARD = "gnu++20";
				CLANG_ENABLE_MODULES = YES;
				CLANG_ENABLE_OBJC_ARC = YES;
				CLANG_ENABLE_OBJC_WEAK = YES;
				CLANG_WARN_BLOCK_CAPTURE_AUTORELEASING = YES;
				CLANG_WARN_BOOL_CONVERSION = YES;
				CLANG_WARN_COMMA = YES;
				CLANG_WARN_CONSTANT_CONVERSION = YES;
				CLANG_WARN_DEPRECATED_OBJC_IMPLEMENTATIONS = YES;
				CLANG_WARN_DIRECT_OBJC_ISA_USAGE = YES_ERROR;
				CLANG_WARN_DOCUMENTATION_COMMENTS = YES;
				CLANG_WARN_EMPTY_BODY = YES;
				CLANG_WARN_ENUM_CONVERSION = YES;
				CLANG_WARN_INFINITE_RECURSION = YES;
				CLANG_WARN_INT_CONVERSION = YES;
				CLANG_WARN_NON_LITERAL_NULL_CONVERSION = YES;
				CLANG_WARN_OBJC_IMPLICIT_RETAIN_SELF = YES;
				CLANG_WARN_OBJC_LITERAL_CONVERSION = YES;
				CLANG_WARN_OBJC_ROOT_CLASS = YES_ERROR;
				CLANG_WARN_QUOTED_INCLUDE_IN_FRAMEWORK_HEADER = YES;
				CLANG_WARN_RANGE_LOOP_ANALYSIS = YES;
				CLANG_WARN_STRICT_PROTOTYPES = YES;
				CLANG_WARN_SUSPICIOUS_MOVE = YES;
				CLANG_WARN_UNGUARDED_AVAILABILITY = YES_AGGRESSIVE;
				CLANG_WARN_UNREACHABLE_CODE = YES;
				CLANG_WARN__DUPLICATE_METHOD_MATCH = YES;
				COPY_PHASE_STRIP = NO;
				DEBUG_INFORMATION_FORMAT = dwarf;
				ENABLE_STRICT_OBJC_MSGSEND = YES;
				ENABLE_TESTABILITY = YES;
				GCC_C_LANGUAGE_STANDARD = gnu11;
				GCC_DYNAMIC_NO_PIC = NO;
				GCC_NO_COMMON_BLOCKS = YES;
				GCC_OPTIMIZATION_LEVEL = 0;
				GCC_PREPROCESSOR_DEFINITIONS = (
					"DEBUG=1",
					"$(inherited)",
				);
				GCC_WARN_64_TO_32_BIT_CONVERSION = YES;
				GCC_WARN_ABOUT_RETURN_TYPE = YES_ERROR;
				GCC_WARN_UNDECLARED_SELECTOR = YES;
				GCC_WARN_UNINITIALIZED_AUTOS = YES_AGGRESSIVE;
				GCC_WARN_UNUSED_FUNCTION = YES;
				GCC_WARN_UNUSED_VARIABLE = YES;
				MTL_ENABLE_DEBUG_INFO = INCLUDE_SOURCE;
				MTL_FAST_MATH = YES;
				ONLY_ACTIVE_ARCH = YES;
				SWIFT_ACTIVE_COMPILATION_CONDITIONS = DEBUG;
				SWIFT_OPTIMIZATION_LEVEL = "-Onone";
			};
			name = Debug;
		};
		8BB365A82A1F9F2500DE2B5C /* Release */ = {
			isa = XCBuildConfiguration;
			buildSettings = {
				ALWAYS_SEARCH_USER_PATHS = NO;
				CLANG_ANALYZER_NONNULL = YES;
				CLANG_ANALYZER_NUMBER_OBJECT_CONVERSION = YES_AGGRESSIVE;
				CLANG_CXX_LANGUAGE_STANDARD = "gnu++20";
				CLANG_ENABLE_MODULES = YES;
				CLANG_ENABLE_OBJC_ARC = YES;
				CLANG_ENABLE_OBJC_WEAK = YES;
				CLANG_WARN_BLOCK_CAPTURE_AUTORELEASING = YES;
				CLANG_WARN_BOOL_CONVERSION = YES;
				CLANG_WARN_COMMA = YES;
				CLANG_WARN_CONSTANT_CONVERSION = YES;
				CLANG_WARN_DEPRECATED_OBJC_IMPLEMENTATIONS = YES;
				CLANG_WARN_DIRECT_OBJC_ISA_USAGE = YES_ERROR;
				CLANG_WARN_DOCUMENTATION_COMMENTS = YES;
				CLANG_WARN_EMPTY_BODY = YES;
				CLANG_WARN_ENUM_CONVERSION = YES;
				CLANG_WARN_INFINITE_RECURSION = YES;
				CLANG_WARN_INT_CONVERSION = YES;
				CLANG_WARN_NON_LITERAL_NULL_CONVERSION = YES;
				CLANG_WARN_OBJC_IMPLICIT_RETAIN_SELF = YES;
				CLANG_WARN_OBJC_LITERAL_CONVERSION = YES;
				CLANG_WARN_OBJC_ROOT_CLASS = YES_ERROR;
				CLANG_WARN_QUOTED_INCLUDE_IN_FRAMEWORK_HEADER = YES;
				CLANG_WARN_RANGE_LOOP_ANALYSIS = YES;
				CLANG_WARN_STRICT_PROTOTYPES = YES;
				CLANG_WARN_SUSPICIOUS_MOVE = YES;
				CLANG_WARN_UNGUARDED_AVAILABILITY = YES_AGGRESSIVE;
				CLANG_WARN_UNREACHABLE_CODE = YES;
				CLANG_WARN__DUPLICATE_METHOD_MATCH = YES;
				COPY_PHASE_STRIP = NO;
				DEBUG_INFORMATION_FORMAT = "dwarf-with-dsym";
				ENABLE_NS_ASSERTIONS = NO;
				ENABLE_STRICT_OBJC_MSGSEND = YES;
				GCC_C_LANGUAGE_STANDARD = gnu11;
				GCC_NO_COMMON_BLOCKS = YES;
				GCC_WARN_64_TO_32_BIT_CONVERSION = YES;
				GCC_WARN_ABOUT_RETURN_TYPE = YES_ERROR;
				GCC_WARN_UNDECLARED_SELECTOR = YES;
				GCC_WARN_UNINITIALIZED_AUTOS = YES_AGGRESSIVE;
				GCC_WARN_UNUSED_FUNCTION = YES;
				GCC_WARN_UNUSED_VARIABLE = YES;
				MTL_ENABLE_DEBUG_INFO = NO;
				MTL_FAST_MATH = YES;
				SWIFT_COMPILATION_MODE = wholemodule;
				SWIFT_OPTIMIZATION_LEVEL = "-O";
			};
			name = Release;
		};
		8BB365AA2A1F9F2500DE2B5C /* Debug */ = {
			isa = XCBuildConfiguration;
			buildSettings = {
				ASSETCATALOG_COMPILER_APPICON_NAME = AppIcon;
				ASSETCATALOG_COMPILER_GLOBAL_ACCENT_COLOR_NAME = AccentColor;
				CODE_SIGN_ENTITLEMENTS = InteractExperiment/InteractExperiment.entitlements;
				CODE_SIGN_STYLE = Automatic;
				CURRENT_PROJECT_VERSION = 1;
				DEVELOPMENT_ASSET_PATHS = "\"InteractExperiment/Preview Content\"";
				DEVELOPMENT_TEAM = X4QFR5484L;
				ENABLE_PREVIEWS = YES;
				GENERATE_INFOPLIST_FILE = YES;
				"INFOPLIST_KEY_UIApplicationSceneManifest_Generation[sdk=iphoneos*]" = YES;
				"INFOPLIST_KEY_UIApplicationSceneManifest_Generation[sdk=iphonesimulator*]" = YES;
				"INFOPLIST_KEY_UIApplicationSupportsIndirectInputEvents[sdk=iphoneos*]" = YES;
				"INFOPLIST_KEY_UIApplicationSupportsIndirectInputEvents[sdk=iphonesimulator*]" = YES;
				"INFOPLIST_KEY_UILaunchScreen_Generation[sdk=iphoneos*]" = YES;
				"INFOPLIST_KEY_UILaunchScreen_Generation[sdk=iphonesimulator*]" = YES;
				"INFOPLIST_KEY_UIStatusBarStyle[sdk=iphoneos*]" = UIStatusBarStyleDefault;
				"INFOPLIST_KEY_UIStatusBarStyle[sdk=iphonesimulator*]" = UIStatusBarStyleDefault;
				INFOPLIST_KEY_UISupportedInterfaceOrientations_iPad = "UIInterfaceOrientationPortrait UIInterfaceOrientationPortraitUpsideDown UIInterfaceOrientationLandscapeLeft UIInterfaceOrientationLandscapeRight";
				INFOPLIST_KEY_UISupportedInterfaceOrientations_iPhone = "UIInterfaceOrientationPortrait UIInterfaceOrientationLandscapeLeft UIInterfaceOrientationLandscapeRight";
				IPHONEOS_DEPLOYMENT_TARGET = 16.4;
				LD_RUNPATH_SEARCH_PATHS = "@executable_path/Frameworks";
				"LD_RUNPATH_SEARCH_PATHS[sdk=macosx*]" = "@executable_path/../Frameworks";
				MACOSX_DEPLOYMENT_TARGET = 13.2;
				MARKETING_VERSION = 1.0;
				PRODUCT_BUNDLE_IDENTIFIER = cs.sussex.InteractExperiment;
				PRODUCT_NAME = "$(TARGET_NAME)";
				SDKROOT = auto;
				SUPPORTED_PLATFORMS = "iphoneos iphonesimulator macosx";
				SWIFT_EMIT_LOC_STRINGS = YES;
				SWIFT_VERSION = 5.0;
				TARGETED_DEVICE_FAMILY = "1,2";
			};
			name = Debug;
		};
		8BB365AB2A1F9F2500DE2B5C /* Release */ = {
			isa = XCBuildConfiguration;
			buildSettings = {
				ASSETCATALOG_COMPILER_APPICON_NAME = AppIcon;
				ASSETCATALOG_COMPILER_GLOBAL_ACCENT_COLOR_NAME = AccentColor;
				CODE_SIGN_ENTITLEMENTS = InteractExperiment/InteractExperiment.entitlements;
				CODE_SIGN_STYLE = Automatic;
				CURRENT_PROJECT_VERSION = 1;
				DEVELOPMENT_ASSET_PATHS = "\"InteractExperiment/Preview Content\"";
				DEVELOPMENT_TEAM = X4QFR5484L;
				ENABLE_PREVIEWS = YES;
				GENERATE_INFOPLIST_FILE = YES;
				"INFOPLIST_KEY_UIApplicationSceneManifest_Generation[sdk=iphoneos*]" = YES;
				"INFOPLIST_KEY_UIApplicationSceneManifest_Generation[sdk=iphonesimulator*]" = YES;
				"INFOPLIST_KEY_UIApplicationSupportsIndirectInputEvents[sdk=iphoneos*]" = YES;
				"INFOPLIST_KEY_UIApplicationSupportsIndirectInputEvents[sdk=iphonesimulator*]" = YES;
				"INFOPLIST_KEY_UILaunchScreen_Generation[sdk=iphoneos*]" = YES;
				"INFOPLIST_KEY_UILaunchScreen_Generation[sdk=iphonesimulator*]" = YES;
				"INFOPLIST_KEY_UIStatusBarStyle[sdk=iphoneos*]" = UIStatusBarStyleDefault;
				"INFOPLIST_KEY_UIStatusBarStyle[sdk=iphonesimulator*]" = UIStatusBarStyleDefault;
				INFOPLIST_KEY_UISupportedInterfaceOrientations_iPad = "UIInterfaceOrientationPortrait UIInterfaceOrientationPortraitUpsideDown UIInterfaceOrientationLandscapeLeft UIInterfaceOrientationLandscapeRight";
				INFOPLIST_KEY_UISupportedInterfaceOrientations_iPhone = "UIInterfaceOrientationPortrait UIInterfaceOrientationLandscapeLeft UIInterfaceOrientationLandscapeRight";
				IPHONEOS_DEPLOYMENT_TARGET = 16.4;
				LD_RUNPATH_SEARCH_PATHS = "@executable_path/Frameworks";
				"LD_RUNPATH_SEARCH_PATHS[sdk=macosx*]" = "@executable_path/../Frameworks";
				MACOSX_DEPLOYMENT_TARGET = 13.2;
				MARKETING_VERSION = 1.0;
				PRODUCT_BUNDLE_IDENTIFIER = cs.sussex.InteractExperiment;
				PRODUCT_NAME = "$(TARGET_NAME)";
				SDKROOT = auto;
				SUPPORTED_PLATFORMS = "iphoneos iphonesimulator macosx";
				SWIFT_EMIT_LOC_STRINGS = YES;
				SWIFT_VERSION = 5.0;
				TARGETED_DEVICE_FAMILY = "1,2";
			};
			name = Release;
		};
/* End XCBuildConfiguration section */

/* Begin XCConfigurationList section */
		8BB365952A1F9F2400DE2B5C /* Build configuration list for PBXProject "InteractExperiment" */ = {
			isa = XCConfigurationList;
			buildConfigurations = (
				8BB365A72A1F9F2500DE2B5C /* Debug */,
				8BB365A82A1F9F2500DE2B5C /* Release */,
			);
			defaultConfigurationIsVisible = 0;
			defaultConfigurationName = Release;
		};
		8BB365A92A1F9F2500DE2B5C /* Build configuration list for PBXNativeTarget "InteractExperiment" */ = {
			isa = XCConfigurationList;
			buildConfigurations = (
				8BB365AA2A1F9F2500DE2B5C /* Debug */,
				8BB365AB2A1F9F2500DE2B5C /* Release */,
			);
			defaultConfigurationIsVisible = 0;
			defaultConfigurationName = Release;
		};
/* End XCConfigurationList section */

/* Begin XCRemoteSwiftPackageReference section */
		8BADE42B2A2C9C7F0087C74D /* XCRemoteSwiftPackageReference "PopupView" */ = {
			isa = XCRemoteSwiftPackageReference;
			repositoryURL = "https://github.com/exyte/PopupView.git";
			requirement = {
				kind = exactVersion;
				version = 2.4.2;
			};
		};
/* End XCRemoteSwiftPackageReference section */

/* Begin XCSwiftPackageProductDependency section */
		8BADE42C2A2C9C7F0087C74D /* PopupView */ = {
			isa = XCSwiftPackageProductDependency;
			package = 8BADE42B2A2C9C7F0087C74D /* XCRemoteSwiftPackageReference "PopupView" */;
			productName = PopupView;
		};
/* End XCSwiftPackageProductDependency section */
	};
	rootObject = 8BB365922A1F9F2400DE2B5C /* Project object */;
}
